
Microsoft Visual Studio Solution File, Format Version 12.00
# Visual Studio 15
VisualStudioVersion = 15.0.27004.2010
MinimumVisualStudioVersion = 10.0.40219.1
Project("{FAE04EC0-301F-11D3-BF4B-00C04F79EFBC}") = "Advent2016", "Advent2016\Advent2016.csproj", "{8D87395C-80C2-4EDB-83B7-A28E68D68838}"
EndProject
Project("{FAE04EC0-301F-11D3-BF4B-00C04F79EFBC}") = "Tests2016", "Tests2016\Tests2016.csproj", "{F090D5ED-AE9C-4BFA-9CF7-D2DF9C0B8C25}"
EndProject
Project("{F2A71F9B-5D33-465A-A702-920D77279786}") = "Advent2017", "Advent2017\Advent2017.fsproj", "{DA1BD849-45E9-4382-A89E-289BD542CF77}"
EndProject
Project("{F2A71F9B-5D33-465A-A702-920D77279786}") = "Advent2017Tests", "Advent2017Tests\Advent2017Tests.fsproj", "{1ADF75B3-FC86-4E30-A39B-60AEA26E6183}"
EndProject
Project("{F2A71F9B-5D33-465A-A702-920D77279786}") = "Tutorial1", "Tutorial1\Tutorial1.fsproj", "{7C90F085-DD96-4153-8790-F3C140BA187C}"
EndProject
Global
	GlobalSection(SolutionConfigurationPlatforms) = preSolution
		Debug|Any CPU = Debug|Any CPU
		Release|Any CPU = Release|Any CPU
	EndGlobalSection
	GlobalSection(ProjectConfigurationPlatforms) = postSolution
		{8D87395C-80C2-4EDB-83B7-A28E68D68838}.Debug|Any CPU.ActiveCfg = Debug|Any CPU
		{8D87395C-80C2-4EDB-83B7-A28E68D68838}.Debug|Any CPU.Build.0 = Debug|Any CPU
		{8D87395C-80C2-4EDB-83B7-A28E68D68838}.Release|Any CPU.ActiveCfg = Release|Any CPU
		{8D87395C-80C2-4EDB-83B7-A28E68D68838}.Release|Any CPU.Build.0 = Release|Any CPU
		{F090D5ED-AE9C-4BFA-9CF7-D2DF9C0B8C25}.Debug|Any CPU.ActiveCfg = Debug|Any CPU
		{F090D5ED-AE9C-4BFA-9CF7-D2DF9C0B8C25}.Debug|Any CPU.Build.0 = Debug|Any CPU
		{F090D5ED-AE9C-4BFA-9CF7-D2DF9C0B8C25}.Release|Any CPU.ActiveCfg = Release|Any CPU
		{F090D5ED-AE9C-4BFA-9CF7-D2DF9C0B8C25}.Release|Any CPU.Build.0 = Release|Any CPU
		{DA1BD849-45E9-4382-A89E-289BD542CF77}.Debug|Any CPU.ActiveCfg = Debug|Any CPU
		{DA1BD849-45E9-4382-A89E-289BD542CF77}.Debug|Any CPU.Build.0 = Debug|Any CPU
		{DA1BD849-45E9-4382-A89E-289BD542CF77}.Release|Any CPU.ActiveCfg = Release|Any CPU
		{DA1BD849-45E9-4382-A89E-289BD542CF77}.Release|Any CPU.Build.0 = Release|Any CPU
		{1ADF75B3-FC86-4E30-A39B-60AEA26E6183}.Debug|Any CPU.ActiveCfg = Debug|Any CPU
		{1ADF75B3-FC86-4E30-A39B-60AEA26E6183}.Debug|Any CPU.Build.0 = Debug|Any CPU
		{1ADF75B3-FC86-4E30-A39B-60AEA26E6183}.Release|Any CPU.ActiveCfg = Release|Any CPU
		{1ADF75B3-FC86-4E30-A39B-60AEA26E6183}.Release|Any CPU.Build.0 = Release|Any CPU
		{7C90F085-DD96-4153-8790-F3C140BA187C}.Debug|Any CPU.ActiveCfg = Debug|Any CPU
		{7C90F085-DD96-4153-8790-F3C140BA187C}.Debug|Any CPU.Build.0 = Debug|Any CPU
		{7C90F085-DD96-4153-8790-F3C140BA187C}.Release|Any CPU.ActiveCfg = Release|Any CPU
		{7C90F085-DD96-4153-8790-F3C140BA187C}.Release|Any CPU.Build.0 = Release|Any CPU
	EndGlobalSection
	GlobalSection(SolutionProperties) = preSolution
		HideSolutionNode = FALSE
	EndGlobalSection
	GlobalSection(ExtensibilityGlobals) = postSolution
		SolutionGuid = {20B6E755-0FF9-4399-A353-3C05195E4A4A}
	EndGlobalSection
EndGlobal
